
Microsoft Visual Studio Solution File, Format Version 12.00
# Visual Studio Version 16
VisualStudioVersion = 16.0.31205.134
MinimumVisualStudioVersion = 10.0.40219.1
Project("{FAE04EC0-301F-11D3-BF4B-00C04F79EFBC}") = "WF-HW16", "WF-HW16\WF-HW16.csproj", "{AB6CB21D-926C-4022-A665-4DDE530F8325}"
EndProject
Global
	GlobalSection(SolutionConfigurationPlatforms) = preSolution
		Debug|Any CPU = Debug|Any CPU
		Release|Any CPU = Release|Any CPU
	EndGlobalSection
	GlobalSection(ProjectConfigurationPlatforms) = postSolution
		{AB6CB21D-926C-4022-A665-4DDE530F8325}.Debug|Any CPU.ActiveCfg = Debug|Any CPU
		{AB6CB21D-926C-4022-A665-4DDE530F8325}.Debug|Any CPU.Build.0 = Debug|Any CPU
		{AB6CB21D-926C-4022-A665-4DDE530F8325}.Release|Any CPU.ActiveCfg = Release|Any CPU
		{AB6CB21D-926C-4022-A665-4DDE530F8325}.Release|Any CPU.Build.0 = Release|Any CPU
	EndGlobalSection
	GlobalSection(SolutionProperties) = preSolution
		HideSolutionNode = FALSE
	EndGlobalSection
	GlobalSection(ExtensibilityGlobals) = postSolution
		SolutionGuid = {7638BE7F-C89F-4C64-9FF3-0854E08D1EF5}
	EndGlobalSection
EndGlobal
